
Microsoft Visual Studio Solution File, Format Version 11.00
# Visual Studio 2010
Project("{8BC9CEB8-8B4A-11D0-8D11-00A0C91BC942}") = "CALC_Grain", "CALC_Grain\CALC_Grain.vcxproj", "{661540C1-02BA-4B21-9FE2-10D7D685CF13}"
EndProject
Global
	GlobalSection(SolutionConfigurationPlatforms) = preSolution
		Debug|Win32 = Debug|Win32
		Release|Win32 = Release|Win32
	EndGlobalSection
	GlobalSection(ProjectConfigurationPlatforms) = postSolution
		{661540C1-02BA-4B21-9FE2-10D7D685CF13}.Debug|Win32.ActiveCfg = Debug|Win32
		{661540C1-02BA-4B21-9FE2-10D7D685CF13}.Debug|Win32.Build.0 = Debug|Win32
		{661540C1-02BA-4B21-9FE2-10D7D685CF13}.Release|Win32.ActiveCfg = Release|Win32
		{661540C1-02BA-4B21-9FE2-10D7D685CF13}.Release|Win32.Build.0 = Release|Win32
	EndGlobalSection
	GlobalSection(SolutionProperties) = preSolution
		HideSolutionNode = FALSE
	EndGlobalSection
EndGlobal
